
Microsoft Visual Studio Solution File, Format Version 12.00
# Visual Studio Version 16
VisualStudioVersion = 16.0.31410.357
MinimumVisualStudioVersion = 10.0.40219.1
Project("{FAE04EC0-301F-11D3-BF4B-00C04F79EFBC}") = "ADO_Employee_Payroll", "ADO_Employee_Payroll\ADO_Employee_Payroll.csproj", "{B7605429-8E52-4AD7-AE92-6F9688A2DA27}"
EndProject
Global
	GlobalSection(SolutionConfigurationPlatforms) = preSolution
		Debug|Any CPU = Debug|Any CPU
		Release|Any CPU = Release|Any CPU
	EndGlobalSection
	GlobalSection(ProjectConfigurationPlatforms) = postSolution
		{B7605429-8E52-4AD7-AE92-6F9688A2DA27}.Debug|Any CPU.ActiveCfg = Debug|Any CPU
		{B7605429-8E52-4AD7-AE92-6F9688A2DA27}.Debug|Any CPU.Build.0 = Debug|Any CPU
		{B7605429-8E52-4AD7-AE92-6F9688A2DA27}.Release|Any CPU.ActiveCfg = Release|Any CPU
		{B7605429-8E52-4AD7-AE92-6F9688A2DA27}.Release|Any CPU.Build.0 = Release|Any CPU
	EndGlobalSection
	GlobalSection(SolutionProperties) = preSolution
		HideSolutionNode = FALSE
	EndGlobalSection
	GlobalSection(ExtensibilityGlobals) = postSolution
		SolutionGuid = {142A70C0-40DE-4914-BF22-64A73228FE05}
	EndGlobalSection
EndGlobal
